<?xml version="1.0" encoding="UTF-8" standalone="yes" ?>
<CodeBlocks_project_file>
	<FileVersion major="1" minor="6" />
	<Project>
		<Option title="CGameEngine" />
		<Option pch_mode="2" />
		<Option compiler="gcc" />
		<Build>
			<Target title="Debug">
				<Option output="bin/Debug/CGameEngine" prefix_auto="1" extension_auto="1" />
				<Option working_dir="" />
				<Option object_output="obj/Debug/" />
				<Option type="2" />
				<Option compiler="gcc" />
				<Option createDefFile="1" />
				<Option projectLibDirsRelation="2" />
				<Compiler>
					<Add option="-Winit-self" />
					<Add option="-pedantic" />
					<Add option="-g" />
					<Add directory="srv" />
				</Compiler>
			</Target>
			<Target title="Release">
				<Option output="bin/Release/CGameEngine" prefix_auto="1" extension_auto="1" />
				<Option working_dir="bin/Release" />
				<Option object_output="obj/Release/" />
				<Option type="3" />
				<Option compiler="gcc" />
				<Option createDefFile="1" />
				<Option projectLibDirsRelation="2" />
				<Compiler>
					<Add option="-O3" />
					<Add directory="srv" />
				</Compiler>
			</Target>
		</Build>
		<Compiler>
			<Add option="-std=c++11" />
			<Add option="-fPIC" />
			<Add option="-m64" />
			<Add directory="./" />
			<Add directory="./include" />
		</Compiler>
		<Linker>
			<Add option="-static" />
			<Add option="-m64" />
			<Add library="libs/libGLEW.a" />
			<Add library="libs/libSDL2.a" />
			<Add library="libs/libSDL2_ttf.a" />
			<Add library="libs/libSDL2_mixer.a" />
			<Add library="libs/libpthread.a" />
			<Add library="libs/libssl.a" />
			<Add library="libs/libcrypto.a" />
			<Add library="libs/libmysqlcppconn8-static.a" />
			<Add library="libs/libsqlite3.a" />
			<Add library="libs/libresolv.a" />
			<Add directory="./libs" />
		</Linker>
		<Unit filename="CGameEngine.cpp" />
		<Unit filename="CGameEngine.h" />
		<Unit filename="IGameScreen.h" />
		<Unit filename="IMainGame.cpp" />
		<Unit filename="IMainGame.h" />
		<Unit filename="ScreenList.cpp" />
		<Unit filename="ScreenList.h" />
		<Unit filename="Window.cpp" />
		<Unit filename="Window.h" />
		<Unit filename="common/CRC32.h" />
		<Unit filename="common/QueryResult.h" />
		<Unit filename="common/SafeQueue.h" />
		<Unit filename="common/SafeUnorderedMap.h" />
		<Unit filename="common/SafeVector.h" />
		<Unit filename="common/Timer.cpp" />
		<Unit filename="common/Timer.h" />
		<Unit filename="common/glm_util.cpp" />
		<Unit filename="common/glm_util.h" />
		<Unit filename="common/types.h" />
		<Unit filename="common/util.cpp" />
		<Unit filename="common/util.h" />
		<Unit filename="draw/BufferLock.h" />
		<Unit filename="draw/Camera2D.cpp" />
		<Unit filename="draw/Camera2D.h" />
		<Unit filename="draw/DDSHelper.h" />
		<Unit filename="draw/DebugRenderer.cpp" />
		<Unit filename="draw/DebugRenderer.h" />
		<Unit filename="draw/FontManager.cpp" />
		<Unit filename="draw/FontManager.h" />
		<Unit filename="draw/Framerate.cpp" />
		<Unit filename="draw/Framerate.h" />
		<Unit filename="draw/GLSLProgram.cpp" />
		<Unit filename="draw/GLSLProgram.h" />
		<Unit filename="draw/Renderer2D.cpp" />
		<Unit filename="draw/Renderer2D.h" />
		<Unit filename="draw/Shaders.h" />
		<Unit filename="draw/Texture2D.cpp" />
		<Unit filename="draw/Texture2D.h" />
		<Unit filename="draw/TextureManager.cpp" />
		<Unit filename="draw/TextureManager.h" />
		<Unit filename="draw/TileSheet.cpp" />
		<Unit filename="draw/TileSheet.h" />
		<Unit filename="draw/draw_common.h" />
		<Unit filename="draw/picoPNG.cpp" />
		<Unit filename="draw/picoPNG.h" />
		<Unit filename="gui/ContextMenu.cpp" />
		<Unit filename="gui/ContextMenu.h" />
		<Unit filename="gui/DropDown.cpp" />
		<Unit filename="gui/DropDown.h" />
		<Unit filename="gui/Frame.cpp" />
		<Unit filename="gui/Frame.h" />
		<Unit filename="gui/GUI.cpp" />
		<Unit filename="gui/GUI.h" />
		<Unit filename="gui/GUIObject.cpp" />
		<Unit filename="gui/GUIObject.h" />
		<Unit filename="gui/GUIRenderer.cpp" />
		<Unit filename="gui/GUIRenderer.h" />
		<Unit filename="gui/PushButton.cpp" />
		<Unit filename="gui/PushButton.h" />
		<Unit filename="gui/RadioButton.cpp" />
		<Unit filename="gui/RadioButton.h" />
		<Unit filename="gui/ScrollBox.cpp" />
		<Unit filename="gui/ScrollBox.h" />
		<Unit filename="gui/Slider.cpp" />
		<Unit filename="gui/Slider.h" />
		<Unit filename="gui/TextObject.cpp" />
		<Unit filename="gui/TextObject.h" />
		<Unit filename="gui/TickBox.cpp" />
		<Unit filename="gui/TickBox.h" />
		<Unit filename="gui/ToolTip.cpp" />
		<Unit filename="gui/ToolTip.h" />
		<Unit filename="gui/gui_common.cpp" />
		<Unit filename="gui/gui_common.h" />
		<Unit filename="include/Box2D/b2_block_allocator.h" />
		<Unit filename="include/Box2D/b2_body.h" />
		<Unit filename="include/Box2D/b2_broad_phase.h" />
		<Unit filename="include/Box2D/b2_chain_shape.h" />
		<Unit filename="include/Box2D/b2_circle_shape.h" />
		<Unit filename="include/Box2D/b2_collision.h" />
		<Unit filename="include/Box2D/b2_contact.h" />
		<Unit filename="include/Box2D/b2_contact_manager.h" />
		<Unit filename="include/Box2D/b2_distance.h" />
		<Unit filename="include/Box2D/b2_distance_joint.h" />
		<Unit filename="include/Box2D/b2_draw.h" />
		<Unit filename="include/Box2D/b2_dynamic_tree.h" />
		<Unit filename="include/Box2D/b2_edge_shape.h" />
		<Unit filename="include/Box2D/b2_fixture.h" />
		<Unit filename="include/Box2D/b2_friction_joint.h" />
		<Unit filename="include/Box2D/b2_gear_joint.h" />
		<Unit filename="include/Box2D/b2_growable_stack.h" />
		<Unit filename="include/Box2D/b2_joint.h" />
		<Unit filename="include/Box2D/b2_math.h" />
		<Unit filename="include/Box2D/b2_motor_joint.h" />
		<Unit filename="include/Box2D/b2_mouse_joint.h" />
		<Unit filename="include/Box2D/b2_polygon_shape.h" />
		<Unit filename="include/Box2D/b2_prismatic_joint.h" />
		<Unit filename="include/Box2D/b2_pulley_joint.h" />
		<Unit filename="include/Box2D/b2_revolute_joint.h" />
		<Unit filename="include/Box2D/b2_rope.h" />
		<Unit filename="include/Box2D/b2_rope_joint.h" />
		<Unit filename="include/Box2D/b2_settings.h" />
		<Unit filename="include/Box2D/b2_shape.h" />
		<Unit filename="include/Box2D/b2_stack_allocator.h" />
		<Unit filename="include/Box2D/b2_time_of_impact.h" />
		<Unit filename="include/Box2D/b2_time_step.h" />
		<Unit filename="include/Box2D/b2_timer.h" />
		<Unit filename="include/Box2D/b2_weld_joint.h" />
		<Unit filename="include/Box2D/b2_wheel_joint.h" />
		<Unit filename="include/Box2D/b2_world.h" />
		<Unit filename="include/Box2D/b2_world_callbacks.h" />
		<Unit filename="include/Box2D/box2d.h" />
		<Unit filename="include/Box2D/dynamics/b2_chain_circle_contact.h" />
		<Unit filename="include/Box2D/dynamics/b2_chain_polygon_contact.h" />
		<Unit filename="include/Box2D/dynamics/b2_circle_contact.h" />
		<Unit filename="include/Box2D/dynamics/b2_contact_solver.h" />
		<Unit filename="include/Box2D/dynamics/b2_edge_circle_contact.h" />
		<Unit filename="include/Box2D/dynamics/b2_edge_polygon_contact.h" />
		<Unit filename="include/Box2D/dynamics/b2_island.h" />
		<Unit filename="include/Box2D/dynamics/b2_polygon_circle_contact.h" />
		<Unit filename="include/Box2D/dynamics/b2_polygon_contact.h" />
		<Unit filename="include/GL/eglew.h" />
		<Unit filename="include/GL/glew.h" />
		<Unit filename="include/GL/glxew.h" />
		<Unit filename="include/GL/wglew.h" />
		<Unit filename="include/SDL2/SDL.h" />
		<Unit filename="include/SDL2/SDL_assert.h" />
		<Unit filename="include/SDL2/SDL_atomic.h" />
		<Unit filename="include/SDL2/SDL_audio.h" />
		<Unit filename="include/SDL2/SDL_bits.h" />
		<Unit filename="include/SDL2/SDL_blendmode.h" />
		<Unit filename="include/SDL2/SDL_clipboard.h" />
		<Unit filename="include/SDL2/SDL_config.h" />
		<Unit filename="include/SDL2/SDL_config_android.h" />
		<Unit filename="include/SDL2/SDL_config_iphoneos.h" />
		<Unit filename="include/SDL2/SDL_config_macosx.h" />
		<Unit filename="include/SDL2/SDL_config_minimal.h" />
		<Unit filename="include/SDL2/SDL_config_os2.h" />
		<Unit filename="include/SDL2/SDL_config_pandora.h" />
		<Unit filename="include/SDL2/SDL_config_psp.h" />
		<Unit filename="include/SDL2/SDL_config_windows.h" />
		<Unit filename="include/SDL2/SDL_config_winrt.h" />
		<Unit filename="include/SDL2/SDL_config_wiz.h" />
		<Unit filename="include/SDL2/SDL_copying.h" />
		<Unit filename="include/SDL2/SDL_cpuinfo.h" />
		<Unit filename="include/SDL2/SDL_egl.h" />
		<Unit filename="include/SDL2/SDL_endian.h" />
		<Unit filename="include/SDL2/SDL_error.h" />
		<Unit filename="include/SDL2/SDL_events.h" />
		<Unit filename="include/SDL2/SDL_filesystem.h" />
		<Unit filename="include/SDL2/SDL_gamecontroller.h" />
		<Unit filename="include/SDL2/SDL_gesture.h" />
		<Unit filename="include/SDL2/SDL_haptic.h" />
		<Unit filename="include/SDL2/SDL_hints.h" />
		<Unit filename="include/SDL2/SDL_joystick.h" />
		<Unit filename="include/SDL2/SDL_keyboard.h" />
		<Unit filename="include/SDL2/SDL_keycode.h" />
		<Unit filename="include/SDL2/SDL_loadso.h" />
		<Unit filename="include/SDL2/SDL_log.h" />
		<Unit filename="include/SDL2/SDL_main.h" />
		<Unit filename="include/SDL2/SDL_messagebox.h" />
		<Unit filename="include/SDL2/SDL_metal.h" />
		<Unit filename="include/SDL2/SDL_mixer.h" />
		<Unit filename="include/SDL2/SDL_mouse.h" />
		<Unit filename="include/SDL2/SDL_mutex.h" />
		<Unit filename="include/SDL2/SDL_name.h" />
		<Unit filename="include/SDL2/SDL_opengl.h" />
		<Unit filename="include/SDL2/SDL_opengl_glext.h" />
		<Unit filename="include/SDL2/SDL_opengles.h" />
		<Unit filename="include/SDL2/SDL_opengles2.h" />
		<Unit filename="include/SDL2/SDL_opengles2_gl2.h" />
		<Unit filename="include/SDL2/SDL_opengles2_gl2ext.h" />
		<Unit filename="include/SDL2/SDL_opengles2_gl2platform.h" />
		<Unit filename="include/SDL2/SDL_opengles2_khrplatform.h" />
		<Unit filename="include/SDL2/SDL_pixels.h" />
		<Unit filename="include/SDL2/SDL_platform.h" />
		<Unit filename="include/SDL2/SDL_power.h" />
		<Unit filename="include/SDL2/SDL_quit.h" />
		<Unit filename="include/SDL2/SDL_rect.h" />
		<Unit filename="include/SDL2/SDL_render.h" />
		<Unit filename="include/SDL2/SDL_revision.h" />
		<Unit filename="include/SDL2/SDL_rwops.h" />
		<Unit filename="include/SDL2/SDL_scancode.h" />
		<Unit filename="include/SDL2/SDL_sensor.h" />
		<Unit filename="include/SDL2/SDL_shape.h" />
		<Unit filename="include/SDL2/SDL_stdinc.h" />
		<Unit filename="include/SDL2/SDL_surface.h" />
		<Unit filename="include/SDL2/SDL_system.h" />
		<Unit filename="include/SDL2/SDL_syswm.h" />
		<Unit filename="include/SDL2/SDL_test.h" />
		<Unit filename="include/SDL2/SDL_test_assert.h" />
		<Unit filename="include/SDL2/SDL_test_common.h" />
		<Unit filename="include/SDL2/SDL_test_compare.h" />
		<Unit filename="include/SDL2/SDL_test_crc32.h" />
		<Unit filename="include/SDL2/SDL_test_font.h" />
		<Unit filename="include/SDL2/SDL_test_fuzzer.h" />
		<Unit filename="include/SDL2/SDL_test_harness.h" />
		<Unit filename="include/SDL2/SDL_test_images.h" />
		<Unit filename="include/SDL2/SDL_test_log.h" />
		<Unit filename="include/SDL2/SDL_test_md5.h" />
		<Unit filename="include/SDL2/SDL_test_memory.h" />
		<Unit filename="include/SDL2/SDL_test_random.h" />
		<Unit filename="include/SDL2/SDL_thread.h" />
		<Unit filename="include/SDL2/SDL_timer.h" />
		<Unit filename="include/SDL2/SDL_touch.h" />
		<Unit filename="include/SDL2/SDL_ttf.h" />
		<Unit filename="include/SDL2/SDL_types.h" />
		<Unit filename="include/SDL2/SDL_version.h" />
		<Unit filename="include/SDL2/SDL_video.h" />
		<Unit filename="include/SDL2/SDL_vulkan.h" />
		<Unit filename="include/SDL2/begin_code.h" />
		<Unit filename="include/SDL2/close_code.h" />
		<Unit filename="include/cereal/access.hpp" />
		<Unit filename="include/cereal/archives/adapters.hpp" />
		<Unit filename="include/cereal/archives/binary.hpp" />
		<Unit filename="include/cereal/archives/json.hpp" />
		<Unit filename="include/cereal/archives/portable_binary.hpp" />
		<Unit filename="include/cereal/archives/xml.hpp" />
		<Unit filename="include/cereal/cereal.hpp" />
		<Unit filename="include/cereal/details/helpers.hpp" />
		<Unit filename="include/cereal/details/polymorphic_impl.hpp" />
		<Unit filename="include/cereal/details/polymorphic_impl_fwd.hpp" />
		<Unit filename="include/cereal/details/static_object.hpp" />
		<Unit filename="include/cereal/details/traits.hpp" />
		<Unit filename="include/cereal/details/util.hpp" />
		<Unit filename="include/cereal/external/base64.hpp" />
		<Unit filename="include/cereal/external/rapidjson/allocators.h" />
		<Unit filename="include/cereal/external/rapidjson/document.h" />
		<Unit filename="include/cereal/external/rapidjson/encodedstream.h" />
		<Unit filename="include/cereal/external/rapidjson/encodings.h" />
		<Unit filename="include/cereal/external/rapidjson/error/en.h" />
		<Unit filename="include/cereal/external/rapidjson/error/error.h" />
		<Unit filename="include/cereal/external/rapidjson/filereadstream.h" />
		<Unit filename="include/cereal/external/rapidjson/filewritestream.h" />
		<Unit filename="include/cereal/external/rapidjson/fwd.h" />
		<Unit filename="include/cereal/external/rapidjson/internal/biginteger.h" />
		<Unit filename="include/cereal/external/rapidjson/internal/diyfp.h" />
		<Unit filename="include/cereal/external/rapidjson/internal/dtoa.h" />
		<Unit filename="include/cereal/external/rapidjson/internal/ieee754.h" />
		<Unit filename="include/cereal/external/rapidjson/internal/itoa.h" />
		<Unit filename="include/cereal/external/rapidjson/internal/meta.h" />
		<Unit filename="include/cereal/external/rapidjson/internal/pow10.h" />
		<Unit filename="include/cereal/external/rapidjson/internal/regex.h" />
		<Unit filename="include/cereal/external/rapidjson/internal/stack.h" />
		<Unit filename="include/cereal/external/rapidjson/internal/strfunc.h" />
		<Unit filename="include/cereal/external/rapidjson/internal/strtod.h" />
		<Unit filename="include/cereal/external/rapidjson/internal/swap.h" />
		<Unit filename="include/cereal/external/rapidjson/istreamwrapper.h" />
		<Unit filename="include/cereal/external/rapidjson/memorybuffer.h" />
		<Unit filename="include/cereal/external/rapidjson/memorystream.h" />
		<Unit filename="include/cereal/external/rapidjson/msinttypes/inttypes.h" />
		<Unit filename="include/cereal/external/rapidjson/msinttypes/stdint.h" />
		<Unit filename="include/cereal/external/rapidjson/ostreamwrapper.h" />
		<Unit filename="include/cereal/external/rapidjson/pointer.h" />
		<Unit filename="include/cereal/external/rapidjson/prettywriter.h" />
		<Unit filename="include/cereal/external/rapidjson/rapidjson.h" />
		<Unit filename="include/cereal/external/rapidjson/reader.h" />
		<Unit filename="include/cereal/external/rapidjson/schema.h" />
		<Unit filename="include/cereal/external/rapidjson/stream.h" />
		<Unit filename="include/cereal/external/rapidjson/stringbuffer.h" />
		<Unit filename="include/cereal/external/rapidjson/writer.h" />
		<Unit filename="include/cereal/external/rapidxml/rapidxml.hpp" />
		<Unit filename="include/cereal/external/rapidxml/rapidxml_iterators.hpp" />
		<Unit filename="include/cereal/external/rapidxml/rapidxml_print.hpp" />
		<Unit filename="include/cereal/external/rapidxml/rapidxml_utils.hpp" />
		<Unit filename="include/cereal/macros.hpp" />
		<Unit filename="include/cereal/types/array.hpp" />
		<Unit filename="include/cereal/types/base_class.hpp" />
		<Unit filename="include/cereal/types/bitset.hpp" />
		<Unit filename="include/cereal/types/boost_variant.hpp" />
		<Unit filename="include/cereal/types/chrono.hpp" />
		<Unit filename="include/cereal/types/common.hpp" />
		<Unit filename="include/cereal/types/complex.hpp" />
		<Unit filename="include/cereal/types/concepts/pair_associative_container.hpp" />
		<Unit filename="include/cereal/types/deque.hpp" />
		<Unit filename="include/cereal/types/forward_list.hpp" />
		<Unit filename="include/cereal/types/functional.hpp" />
		<Unit filename="include/cereal/types/glm.hpp" />
		<Unit filename="include/cereal/types/list.hpp" />
		<Unit filename="include/cereal/types/map.hpp" />
		<Unit filename="include/cereal/types/memory.hpp" />
		<Unit filename="include/cereal/types/polymorphic.hpp" />
		<Unit filename="include/cereal/types/queue.hpp" />
		<Unit filename="include/cereal/types/set.hpp" />
		<Unit filename="include/cereal/types/stack.hpp" />
		<Unit filename="include/cereal/types/string.hpp" />
		<Unit filename="include/cereal/types/tuple.hpp" />
		<Unit filename="include/cereal/types/unordered_map.hpp" />
		<Unit filename="include/cereal/types/unordered_set.hpp" />
		<Unit filename="include/cereal/types/utility.hpp" />
		<Unit filename="include/cereal/types/valarray.hpp" />
		<Unit filename="include/cereal/types/vector.hpp" />
		<Unit filename="include/crypto/__DECC_INCLUDE_EPILOGUE.H" />
		<Unit filename="include/crypto/__DECC_INCLUDE_PROLOGUE.H" />
		<Unit filename="include/crypto/aria.h" />
		<Unit filename="include/crypto/asn1.h" />
		<Unit filename="include/crypto/async.h" />
		<Unit filename="include/crypto/bn.h" />
		<Unit filename="include/crypto/bn_conf.h" />
		<Unit filename="include/crypto/bn_dh.h" />
		<Unit filename="include/crypto/bn_srp.h" />
		<Unit filename="include/crypto/chacha.h" />
		<Unit filename="include/crypto/cryptlib.h" />
		<Unit filename="include/crypto/ctype.h" />
		<Unit filename="include/crypto/dso_conf.h" />
		<Unit filename="include/crypto/ec.h" />
		<Unit filename="include/crypto/engine.h" />
		<Unit filename="include/crypto/err.h" />
		<Unit filename="include/crypto/evp.h" />
		<Unit filename="include/crypto/lhash.h" />
		<Unit filename="include/crypto/md32_common.h" />
		<Unit filename="include/crypto/objects.h" />
		<Unit filename="include/crypto/poly1305.h" />
		<Unit filename="include/crypto/rand.h" />
		<Unit filename="include/crypto/sha.h" />
		<Unit filename="include/crypto/siphash.h" />
		<Unit filename="include/crypto/sm2.h" />
		<Unit filename="include/crypto/sm2err.h" />
		<Unit filename="include/crypto/sm3.h" />
		<Unit filename="include/crypto/sm4.h" />
		<Unit filename="include/crypto/store.h" />
		<Unit filename="include/crypto/x509.h" />
		<Unit filename="include/fmt/container.h" />
		<Unit filename="include/fmt/format.cc" />
		<Unit filename="include/fmt/format.h" />
		<Unit filename="include/fmt/ostream.cc" />
		<Unit filename="include/fmt/ostream.h" />
		<Unit filename="include/fmt/posix.cc" />
		<Unit filename="include/fmt/posix.h" />
		<Unit filename="include/fmt/printf.cc" />
		<Unit filename="include/fmt/printf.h" />
		<Unit filename="include/fmt/string.h" />
		<Unit filename="include/fmt/time.h" />
		<Unit filename="include/mysqlx/common.h" />
		<Unit filename="include/mysqlx/common/api.h" />
		<Unit filename="include/mysqlx/common/error.h" />
		<Unit filename="include/mysqlx/common/op_if.h" />
		<Unit filename="include/mysqlx/common/settings.h" />
		<Unit filename="include/mysqlx/common/util.h" />
		<Unit filename="include/mysqlx/common/value.h" />
		<Unit filename="include/mysqlx/common_constants.h" />
		<Unit filename="include/mysqlx/devapi/collations.h" />
		<Unit filename="include/mysqlx/devapi/collection_crud.h" />
		<Unit filename="include/mysqlx/devapi/common.h" />
		<Unit filename="include/mysqlx/devapi/crud.h" />
		<Unit filename="include/mysqlx/devapi/detail/crud.h" />
		<Unit filename="include/mysqlx/devapi/detail/error.h" />
		<Unit filename="include/mysqlx/devapi/detail/result.h" />
		<Unit filename="include/mysqlx/devapi/detail/row.h" />
		<Unit filename="include/mysqlx/devapi/detail/session.h" />
		<Unit filename="include/mysqlx/devapi/detail/settings.h" />
		<Unit filename="include/mysqlx/devapi/document.h" />
		<Unit filename="include/mysqlx/devapi/error.h" />
		<Unit filename="include/mysqlx/devapi/executable.h" />
		<Unit filename="include/mysqlx/devapi/mysql_charsets.h" />
		<Unit filename="include/mysqlx/devapi/mysql_collations.h" />
		<Unit filename="include/mysqlx/devapi/result.h" />
		<Unit filename="include/mysqlx/devapi/row.h" />
		<Unit filename="include/mysqlx/devapi/settings.h" />
		<Unit filename="include/mysqlx/devapi/table_crud.h" />
		<Unit filename="include/mysqlx/xapi.h" />
		<Unit filename="include/mysqlx/xdevapi.h" />
		<Unit filename="include/openssl/__DECC_INCLUDE_EPILOGUE.H" />
		<Unit filename="include/openssl/__DECC_INCLUDE_PROLOGUE.H" />
		<Unit filename="include/openssl/aes.h" />
		<Unit filename="include/openssl/asn1.h" />
		<Unit filename="include/openssl/asn1_mac.h" />
		<Unit filename="include/openssl/asn1err.h" />
		<Unit filename="include/openssl/asn1t.h" />
		<Unit filename="include/openssl/async.h" />
		<Unit filename="include/openssl/asyncerr.h" />
		<Unit filename="include/openssl/bio.h" />
		<Unit filename="include/openssl/bioerr.h" />
		<Unit filename="include/openssl/blowfish.h" />
		<Unit filename="include/openssl/bn.h" />
		<Unit filename="include/openssl/bnerr.h" />
		<Unit filename="include/openssl/buffer.h" />
		<Unit filename="include/openssl/buffererr.h" />
		<Unit filename="include/openssl/camellia.h" />
		<Unit filename="include/openssl/cast.h" />
		<Unit filename="include/openssl/cmac.h" />
		<Unit filename="include/openssl/cms.h" />
		<Unit filename="include/openssl/cmserr.h" />
		<Unit filename="include/openssl/comp.h" />
		<Unit filename="include/openssl/comperr.h" />
		<Unit filename="include/openssl/conf.h" />
		<Unit filename="include/openssl/conf_api.h" />
		<Unit filename="include/openssl/conferr.h" />
		<Unit filename="include/openssl/crypto.h" />
		<Unit filename="include/openssl/cryptoerr.h" />
		<Unit filename="include/openssl/ct.h" />
		<Unit filename="include/openssl/cterr.h" />
		<Unit filename="include/openssl/des.h" />
		<Unit filename="include/openssl/dh.h" />
		<Unit filename="include/openssl/dherr.h" />
		<Unit filename="include/openssl/dsa.h" />
		<Unit filename="include/openssl/dsaerr.h" />
		<Unit filename="include/openssl/dtls1.h" />
		<Unit filename="include/openssl/e_os2.h" />
		<Unit filename="include/openssl/ebcdic.h" />
		<Unit filename="include/openssl/ec.h" />
		<Unit filename="include/openssl/ecdh.h" />
		<Unit filename="include/openssl/ecdsa.h" />
		<Unit filename="include/openssl/ecerr.h" />
		<Unit filename="include/openssl/engine.h" />
		<Unit filename="include/openssl/engineerr.h" />
		<Unit filename="include/openssl/err.h" />
		<Unit filename="include/openssl/evp.h" />
		<Unit filename="include/openssl/evperr.h" />
		<Unit filename="include/openssl/hmac.h" />
		<Unit filename="include/openssl/idea.h" />
		<Unit filename="include/openssl/kdf.h" />
		<Unit filename="include/openssl/kdferr.h" />
		<Unit filename="include/openssl/lhash.h" />
		<Unit filename="include/openssl/md2.h" />
		<Unit filename="include/openssl/md4.h" />
		<Unit filename="include/openssl/md5.h" />
		<Unit filename="include/openssl/mdc2.h" />
		<Unit filename="include/openssl/modes.h" />
		<Unit filename="include/openssl/obj_mac.h" />
		<Unit filename="include/openssl/objects.h" />
		<Unit filename="include/openssl/objectserr.h" />
		<Unit filename="include/openssl/ocsp.h" />
		<Unit filename="include/openssl/ocsperr.h" />
		<Unit filename="include/openssl/opensslconf.h" />
		<Unit filename="include/openssl/opensslv.h" />
		<Unit filename="include/openssl/ossl_typ.h" />
		<Unit filename="include/openssl/pem.h" />
		<Unit filename="include/openssl/pem2.h" />
		<Unit filename="include/openssl/pemerr.h" />
		<Unit filename="include/openssl/pkcs12.h" />
		<Unit filename="include/openssl/pkcs12err.h" />
		<Unit filename="include/openssl/pkcs7.h" />
		<Unit filename="include/openssl/pkcs7err.h" />
		<Unit filename="include/openssl/rand.h" />
		<Unit filename="include/openssl/rand_drbg.h" />
		<Unit filename="include/openssl/randerr.h" />
		<Unit filename="include/openssl/rc2.h" />
		<Unit filename="include/openssl/rc4.h" />
		<Unit filename="include/openssl/rc5.h" />
		<Unit filename="include/openssl/ripemd.h" />
		<Unit filename="include/openssl/rsa.h" />
		<Unit filename="include/openssl/rsaerr.h" />
		<Unit filename="include/openssl/safestack.h" />
		<Unit filename="include/openssl/seed.h" />
		<Unit filename="include/openssl/sha.h" />
		<Unit filename="include/openssl/srp.h" />
		<Unit filename="include/openssl/srtp.h" />
		<Unit filename="include/openssl/ssl.h" />
		<Unit filename="include/openssl/ssl2.h" />
		<Unit filename="include/openssl/ssl3.h" />
		<Unit filename="include/openssl/sslerr.h" />
		<Unit filename="include/openssl/stack.h" />
		<Unit filename="include/openssl/store.h" />
		<Unit filename="include/openssl/storeerr.h" />
		<Unit filename="include/openssl/symhacks.h" />
		<Unit filename="include/openssl/tls1.h" />
		<Unit filename="include/openssl/ts.h" />
		<Unit filename="include/openssl/tserr.h" />
		<Unit filename="include/openssl/txt_db.h" />
		<Unit filename="include/openssl/ui.h" />
		<Unit filename="include/openssl/uierr.h" />
		<Unit filename="include/openssl/whrlpool.h" />
		<Unit filename="include/openssl/x509.h" />
		<Unit filename="include/openssl/x509_vfy.h" />
		<Unit filename="include/openssl/x509err.h" />
		<Unit filename="include/openssl/x509v3.h" />
		<Unit filename="include/openssl/x509v3err.h" />
		<Unit filename="include/pthread.h" />
		<Unit filename="include/rapidjson/allocators.h" />
		<Unit filename="include/rapidjson/document.h" />
		<Unit filename="include/rapidjson/encodedstream.h" />
		<Unit filename="include/rapidjson/encodings.h" />
		<Unit filename="include/rapidjson/error/en.h" />
		<Unit filename="include/rapidjson/error/error.h" />
		<Unit filename="include/rapidjson/filereadstream.h" />
		<Unit filename="include/rapidjson/filewritestream.h" />
		<Unit filename="include/rapidjson/fwd.h" />
		<Unit filename="include/rapidjson/internal/biginteger.h" />
		<Unit filename="include/rapidjson/internal/diyfp.h" />
		<Unit filename="include/rapidjson/internal/dtoa.h" />
		<Unit filename="include/rapidjson/internal/ieee754.h" />
		<Unit filename="include/rapidjson/internal/itoa.h" />
		<Unit filename="include/rapidjson/internal/meta.h" />
		<Unit filename="include/rapidjson/internal/pow10.h" />
		<Unit filename="include/rapidjson/internal/regex.h" />
		<Unit filename="include/rapidjson/internal/stack.h" />
		<Unit filename="include/rapidjson/internal/strfunc.h" />
		<Unit filename="include/rapidjson/internal/strtod.h" />
		<Unit filename="include/rapidjson/internal/swap.h" />
		<Unit filename="include/rapidjson/istreamwrapper.h" />
		<Unit filename="include/rapidjson/memorybuffer.h" />
		<Unit filename="include/rapidjson/memorystream.h" />
		<Unit filename="include/rapidjson/msinttypes/inttypes.h" />
		<Unit filename="include/rapidjson/msinttypes/stdint.h" />
		<Unit filename="include/rapidjson/ostreamwrapper.h" />
		<Unit filename="include/rapidjson/pointer.h" />
		<Unit filename="include/rapidjson/prettywriter.h" />
		<Unit filename="include/rapidjson/rapidjson.h" />
		<Unit filename="include/rapidjson/reader.h" />
		<Unit filename="include/rapidjson/schema.h" />
		<Unit filename="include/rapidjson/stream.h" />
		<Unit filename="include/rapidjson/stringbuffer.h" />
		<Unit filename="include/rapidjson/writer.h" />
		<Unit filename="include/sqlite3/sqlite3.h" />
		<Unit filename="libs/Box2D/b2_block_allocator.h" />
		<Unit filename="libs/Box2D/b2_body.h" />
		<Unit filename="libs/Box2D/b2_broad_phase.h" />
		<Unit filename="libs/Box2D/b2_chain_shape.h" />
		<Unit filename="libs/Box2D/b2_circle_shape.h" />
		<Unit filename="libs/Box2D/b2_collision.h" />
		<Unit filename="libs/Box2D/b2_contact.h" />
		<Unit filename="libs/Box2D/b2_contact_manager.h" />
		<Unit filename="libs/Box2D/b2_distance.h" />
		<Unit filename="libs/Box2D/b2_distance_joint.h" />
		<Unit filename="libs/Box2D/b2_draw.h" />
		<Unit filename="libs/Box2D/b2_dynamic_tree.h" />
		<Unit filename="libs/Box2D/b2_edge_shape.h" />
		<Unit filename="libs/Box2D/b2_fixture.h" />
		<Unit filename="libs/Box2D/b2_friction_joint.h" />
		<Unit filename="libs/Box2D/b2_gear_joint.h" />
		<Unit filename="libs/Box2D/b2_growable_stack.h" />
		<Unit filename="libs/Box2D/b2_joint.h" />
		<Unit filename="libs/Box2D/b2_math.h" />
		<Unit filename="libs/Box2D/b2_motor_joint.h" />
		<Unit filename="libs/Box2D/b2_mouse_joint.h" />
		<Unit filename="libs/Box2D/b2_polygon_shape.h" />
		<Unit filename="libs/Box2D/b2_prismatic_joint.h" />
		<Unit filename="libs/Box2D/b2_pulley_joint.h" />
		<Unit filename="libs/Box2D/b2_revolute_joint.h" />
		<Unit filename="libs/Box2D/b2_rope.h" />
		<Unit filename="libs/Box2D/b2_rope_joint.h" />
		<Unit filename="libs/Box2D/b2_settings.h" />
		<Unit filename="libs/Box2D/b2_shape.h" />
		<Unit filename="libs/Box2D/b2_stack_allocator.h" />
		<Unit filename="libs/Box2D/b2_time_of_impact.h" />
		<Unit filename="libs/Box2D/b2_time_step.h" />
		<Unit filename="libs/Box2D/b2_timer.h" />
		<Unit filename="libs/Box2D/b2_weld_joint.h" />
		<Unit filename="libs/Box2D/b2_wheel_joint.h" />
		<Unit filename="libs/Box2D/b2_world.h" />
		<Unit filename="libs/Box2D/b2_world_callbacks.h" />
		<Unit filename="libs/Box2D/box2d.h" />
		<Unit filename="libs/Box2D/dynamics/b2_chain_circle_contact.h" />
		<Unit filename="libs/Box2D/dynamics/b2_chain_polygon_contact.h" />
		<Unit filename="libs/Box2D/dynamics/b2_circle_contact.h" />
		<Unit filename="libs/Box2D/dynamics/b2_contact_solver.h" />
		<Unit filename="libs/Box2D/dynamics/b2_edge_circle_contact.h" />
		<Unit filename="libs/Box2D/dynamics/b2_edge_polygon_contact.h" />
		<Unit filename="libs/Box2D/dynamics/b2_island.h" />
		<Unit filename="libs/Box2D/dynamics/b2_polygon_circle_contact.h" />
		<Unit filename="libs/Box2D/dynamics/b2_polygon_contact.h" />
		<Unit filename="libs/cereal/access.hpp" />
		<Unit filename="libs/cereal/archives/adapters.hpp" />
		<Unit filename="libs/cereal/archives/binary.hpp" />
		<Unit filename="libs/cereal/archives/json.hpp" />
		<Unit filename="libs/cereal/archives/portable_binary.hpp" />
		<Unit filename="libs/cereal/archives/xml.hpp" />
		<Unit filename="libs/cereal/cereal.hpp" />
		<Unit filename="libs/cereal/details/helpers.hpp" />
		<Unit filename="libs/cereal/details/polymorphic_impl.hpp" />
		<Unit filename="libs/cereal/details/polymorphic_impl_fwd.hpp" />
		<Unit filename="libs/cereal/details/static_object.hpp" />
		<Unit filename="libs/cereal/details/traits.hpp" />
		<Unit filename="libs/cereal/details/util.hpp" />
		<Unit filename="libs/cereal/external/base64.hpp" />
		<Unit filename="libs/cereal/external/rapidjson/allocators.h" />
		<Unit filename="libs/cereal/external/rapidjson/document.h" />
		<Unit filename="libs/cereal/external/rapidjson/encodedstream.h" />
		<Unit filename="libs/cereal/external/rapidjson/encodings.h" />
		<Unit filename="libs/cereal/external/rapidjson/error/en.h" />
		<Unit filename="libs/cereal/external/rapidjson/error/error.h" />
		<Unit filename="libs/cereal/external/rapidjson/filereadstream.h" />
		<Unit filename="libs/cereal/external/rapidjson/filewritestream.h" />
		<Unit filename="libs/cereal/external/rapidjson/fwd.h" />
		<Unit filename="libs/cereal/external/rapidjson/internal/biginteger.h" />
		<Unit filename="libs/cereal/external/rapidjson/internal/diyfp.h" />
		<Unit filename="libs/cereal/external/rapidjson/internal/dtoa.h" />
		<Unit filename="libs/cereal/external/rapidjson/internal/ieee754.h" />
		<Unit filename="libs/cereal/external/rapidjson/internal/itoa.h" />
		<Unit filename="libs/cereal/external/rapidjson/internal/meta.h" />
		<Unit filename="libs/cereal/external/rapidjson/internal/pow10.h" />
		<Unit filename="libs/cereal/external/rapidjson/internal/regex.h" />
		<Unit filename="libs/cereal/external/rapidjson/internal/stack.h" />
		<Unit filename="libs/cereal/external/rapidjson/internal/strfunc.h" />
		<Unit filename="libs/cereal/external/rapidjson/internal/strtod.h" />
		<Unit filename="libs/cereal/external/rapidjson/internal/swap.h" />
		<Unit filename="libs/cereal/external/rapidjson/istreamwrapper.h" />
		<Unit filename="libs/cereal/external/rapidjson/memorybuffer.h" />
		<Unit filename="libs/cereal/external/rapidjson/memorystream.h" />
		<Unit filename="libs/cereal/external/rapidjson/msinttypes/inttypes.h" />
		<Unit filename="libs/cereal/external/rapidjson/msinttypes/stdint.h" />
		<Unit filename="libs/cereal/external/rapidjson/ostreamwrapper.h" />
		<Unit filename="libs/cereal/external/rapidjson/pointer.h" />
		<Unit filename="libs/cereal/external/rapidjson/prettywriter.h" />
		<Unit filename="libs/cereal/external/rapidjson/rapidjson.h" />
		<Unit filename="libs/cereal/external/rapidjson/reader.h" />
		<Unit filename="libs/cereal/external/rapidjson/schema.h" />
		<Unit filename="libs/cereal/external/rapidjson/stream.h" />
		<Unit filename="libs/cereal/external/rapidjson/stringbuffer.h" />
		<Unit filename="libs/cereal/external/rapidjson/writer.h" />
		<Unit filename="libs/cereal/external/rapidxml/rapidxml.hpp" />
		<Unit filename="libs/cereal/external/rapidxml/rapidxml_iterators.hpp" />
		<Unit filename="libs/cereal/external/rapidxml/rapidxml_print.hpp" />
		<Unit filename="libs/cereal/external/rapidxml/rapidxml_utils.hpp" />
		<Unit filename="libs/cereal/macros.hpp" />
		<Unit filename="libs/cereal/types/array.hpp" />
		<Unit filename="libs/cereal/types/base_class.hpp" />
		<Unit filename="libs/cereal/types/bitset.hpp" />
		<Unit filename="libs/cereal/types/boost_variant.hpp" />
		<Unit filename="libs/cereal/types/chrono.hpp" />
		<Unit filename="libs/cereal/types/common.hpp" />
		<Unit filename="libs/cereal/types/complex.hpp" />
		<Unit filename="libs/cereal/types/concepts/pair_associative_container.hpp" />
		<Unit filename="libs/cereal/types/deque.hpp" />
		<Unit filename="libs/cereal/types/forward_list.hpp" />
		<Unit filename="libs/cereal/types/functional.hpp" />
		<Unit filename="libs/cereal/types/glm.hpp" />
		<Unit filename="libs/cereal/types/list.hpp" />
		<Unit filename="libs/cereal/types/map.hpp" />
		<Unit filename="libs/cereal/types/memory.hpp" />
		<Unit filename="libs/cereal/types/polymorphic.hpp" />
		<Unit filename="libs/cereal/types/queue.hpp" />
		<Unit filename="libs/cereal/types/set.hpp" />
		<Unit filename="libs/cereal/types/stack.hpp" />
		<Unit filename="libs/cereal/types/string.hpp" />
		<Unit filename="libs/cereal/types/tuple.hpp" />
		<Unit filename="libs/cereal/types/unordered_map.hpp" />
		<Unit filename="libs/cereal/types/unordered_set.hpp" />
		<Unit filename="libs/cereal/types/utility.hpp" />
		<Unit filename="libs/cereal/types/valarray.hpp" />
		<Unit filename="libs/cereal/types/vector.hpp" />
		<Unit filename="libs/fmt/container.h" />
		<Unit filename="libs/fmt/format.h" />
		<Unit filename="libs/fmt/ostream.h" />
		<Unit filename="libs/fmt/posix.h" />
		<Unit filename="libs/fmt/printf.h" />
		<Unit filename="libs/fmt/string.h" />
		<Unit filename="libs/fmt/time.h" />
		<Unit filename="net/Builtin_OP_Codes.h" />
		<Unit filename="net/Builtin_Structs.h" />
		<Unit filename="net/Connection.cpp" />
		<Unit filename="net/Connection.h" />
		<Unit filename="net/Datagram.h" />
		<Unit filename="net/IPCHelper.h" />
		<Unit filename="net/InternalNetworkClient.cpp" />
		<Unit filename="net/InternalNetworkClient.h" />
		<Unit filename="net/InternalNetworkServer.cpp" />
		<Unit filename="net/InternalNetworkServer.h" />
		<Unit filename="net/NetHelper.h" />
		<Unit filename="net/NetSocket.cpp" />
		<Unit filename="net/NetSocket.h" />
		<Unit filename="net/Network.cpp" />
		<Unit filename="net/Network.h" />
		<Unit filename="net/NetworkClient.cpp" />
		<Unit filename="net/NetworkClient.h" />
		<Unit filename="net/NetworkIPC.cpp" />
		<Unit filename="net/NetworkIPC.h" />
		<Unit filename="net/NetworkPeer.cpp" />
		<Unit filename="net/NetworkPeer.h" />
		<Unit filename="net/NetworkServer.cpp" />
		<Unit filename="net/NetworkServer.h" />
		<Unit filename="net/Packet.cpp" />
		<Unit filename="net/Packet.h" />
		<Unit filename="net/PacketPair.h" />
		<Unit filename="net/PacketSequence.cpp" />
		<Unit filename="net/PacketSequence.h" />
		<Unit filename="net/RawPacket.h" />
		<Unit filename="net/Socket.cpp" />
		<Unit filename="net/Socket.h" />
		<Unit filename="net/UnixPacket.cpp" />
		<Unit filename="net/UnixPacket.h" />
		<Unit filename="net/UnixSocket.cpp" />
		<Unit filename="net/UnixSocket.h" />
		<Unit filename="net/net_util.cpp" />
		<Unit filename="net/net_util.h" />
		<Unit filename="phys/Body.cpp" />
		<Unit filename="phys/Body.h" />
		<Unit filename="phys/BodyDebugDraw.cpp" />
		<Unit filename="phys/BodyDebugDraw.h" />
		<Unit filename="phys/BoxBody.cpp" />
		<Unit filename="phys/BoxBody.h" />
		<Unit filename="phys/CapsuleBody.cpp" />
		<Unit filename="phys/CapsuleBody.h" />
		<Unit filename="phys/PolygonBody.cpp" />
		<Unit filename="phys/PolygonBody.h" />
		<Unit filename="phys/SensorBody.cpp" />
		<Unit filename="phys/SensorBody.h" />
		<Unit filename="phys/SphereBody.cpp" />
		<Unit filename="phys/SphereBody.h" />
		<Unit filename="srv/AudioEngine.cpp" />
		<Unit filename="srv/AudioEngine.h" />
		<Unit filename="srv/ConfigReader.cpp" />
		<Unit filename="srv/ConfigReader.h" />
		<Unit filename="srv/Database.cpp" />
		<Unit filename="srv/Database.h" />
		<Unit filename="srv/DebugHandler.cpp" />
		<Unit filename="srv/DebugHandler.h" />
		<Unit filename="srv/GameTime.cpp" />
		<Unit filename="srv/GameTime.h" />
		<Unit filename="srv/IOManager.cpp" />
		<Unit filename="srv/IOManager.h" />
		<Unit filename="srv/InputManager.cpp" />
		<Unit filename="srv/InputManager.h" />
		<Unit filename="srv/Logger.cpp" />
		<Unit filename="srv/Logger.h" />
		<Unit filename="srv/MemoryMappedFile.cpp" />
		<Unit filename="srv/MemoryMappedFile.h" />
		<Unit filename="srv/ProcessManager.cpp" />
		<Unit filename="srv/ProcessManager.h" />
		<Unit filename="srv/RandomEngine.h" />
		<Unit filename="srv/SQLiteDatabase.h" />
		<Unit filename="srv/Security.h" />
		<Unit filename="srv/SystemStats.cpp" />
		<Unit filename="srv/SystemStats.h" />
		<Unit filename="srv/Time.cpp" />
		<Unit filename="srv/Time.h" />
		<Extensions />
	</Project>
</CodeBlocks_project_file>
